{
  "name": "forany",
  "version": "0.5.2",
  "lockfileVersion": 1,
  "requires": true,
  "dependencies": {
    "async": {
      "version": "3.2.2",
      "resolved": "https://registry.npmjs.org/async/-/async-3.2.2.tgz",
      "integrity": "sha512-H0E+qZaDEfx/FY4t7iLRv1W2fFI6+pyCeTw1uN20AQPiwqwM6ojPxHxdLv4z8hi2DtnW9BOckSspLucW7pIE5g=="
    },
    "buntstift": {
      "version": "0.4.0",
      "resolved": "https://registry.npmjs.org/buntstift/-/buntstift-0.4.0.tgz",
      "integrity": "sha1-wt2yW9qqWGf27oBvVUTNTajpAYo="
    },
    "commander": {
      "version": "2.11.0",
      "resolved": "https://registry.npmjs.org/commander/-/commander-2.11.0.tgz",
      "integrity": "sha512-b0553uYA5YAEGgyYIGYROzKQ7X5RAqedkfjiZxwi0kL1g3bOaBNNZfYkzt/CL0umgD5wc9Jec2FbB98CjkMRvQ=="
    },
    "roboter": {
      "version": "0.15.3",
      "resolved": "https://registry.npmjs.org/roboter/-/roboter-0.15.3.tgz",
      "integrity": "sha512-nF0OnkXK/szMg1LYvcxQ2cRvuTXEuBcOu07yL6LZvA/is16553W6AbUyqWBb05H2sz9un06SnDyDe/xOAcZVJQ==",
      "dev": true,
      "dependencies": {
        "async": {
          "version": "2.4.1",
          "resolved": "https://registry.npmjs.org/async/-/async-2.4.1.tgz",
          "integrity": "sha1-YqVrJ5yYoR0JhwlqAcw+6463u9c="
        }
      }
    },
    "roboter-server": {
      "version": "0.15.3",
      "resolved": "https://registry.npmjs.org/roboter-server/-/roboter-server-0.15.3.tgz",
      "integrity": "sha512-G9zDEX1+fBNDZ8pwxg3nN8nbktIjduWFFrBckxmc5KWnITvmNzf0VB5APzGUclgod+oSwyMfmAOFjRs7EkA/iQ==",
      "dev": true
    },
    "update-notifier": {
      "version": "2.2.0",
      "resolved": "https://registry.npmjs.org/update-notifier/-/update-notifier-2.2.0.tgz",
      "integrity": "sha1-G1g3z5DAc22IYncytmHBOPht5y8="
    }
  }
}
